// !$*UTF8*$!
{
	archiveVersion = 1;
	classes = {
	};
	objectVersion = 77;
	objects = {

/* Begin PBXBuildFile section */
		58554A375CA6E0249858E812 /* Pods_Tracker.framework in Frameworks */ = {isa = PBXBuildFile; fileRef = EAEB4B233B0753E34A3FB507 /* Pods_Tracker.framework */; };
		961257AE52D5979FFF8A4549 /* Pods_TrackerTests.framework in Frameworks */ = {isa = PBXBuildFile; fileRef = 7202171BC1E4E4827A59C2A5 /* Pods_TrackerTests.framework */; };
		AC36B6DA2DDE49880071C4C5 /* InlineSnapshotTesting in Frameworks */ = {isa = PBXBuildFile; productRef = AC36B6D92DDE49880071C4C5 /* InlineSnapshotTesting */; };
		AC36B6DC2DDE49880071C4C5 /* SnapshotTesting in Frameworks */ = {isa = PBXBuildFile; productRef = AC36B6DB2DDE49880071C4C5 /* SnapshotTesting */; };
		AC36B6DE2DDE49880071C4C5 /* SnapshotTestingCustomDump in Frameworks */ = {isa = PBXBuildFile; productRef = AC36B6DD2DDE49880071C4C5 /* SnapshotTestingCustomDump */; };
/* End PBXBuildFile section */

/* Begin PBXContainerItemProxy section */
		AC36B6D32DDE49620071C4C5 /* PBXContainerItemProxy */ = {
			isa = PBXContainerItemProxy;
			containerPortal = ACED32322D8DC4C800B11894 /* Project object */;
			proxyType = 1;
			remoteGlobalIDString = ACED32392D8DC4C800B11894;
			remoteInfo = Tracker;
		};
/* End PBXContainerItemProxy section */

/* Begin PBXFileReference section */
		7202171BC1E4E4827A59C2A5 /* Pods_TrackerTests.framework */ = {isa = PBXFileReference; explicitFileType = wrapper.framework; includeInIndex = 0; path = Pods_TrackerTests.framework; sourceTree = BUILT_PRODUCTS_DIR; };
		9D9E4F09D94D4582A26A6A5A /* Pods-TrackerTests.debug.xcconfig */ = {isa = PBXFileReference; includeInIndex = 1; lastKnownFileType = text.xcconfig; name = "Pods-TrackerTests.debug.xcconfig"; path = "Target Support Files/Pods-TrackerTests/Pods-TrackerTests.debug.xcconfig"; sourceTree = "<group>"; };
		AC36B6CF2DDE49620071C4C5 /* TrackerTests.xctest */ = {isa = PBXFileReference; explicitFileType = wrapper.cfbundle; includeInIndex = 0; path = TrackerTests.xctest; sourceTree = BUILT_PRODUCTS_DIR; };
		ACED323A2D8DC4C800B11894 /* Tracker.app */ = {isa = PBXFileReference; explicitFileType = wrapper.application; includeInIndex = 0; path = Tracker.app; sourceTree = BUILT_PRODUCTS_DIR; };
		B0047599EC28728A40F2728F /* Pods-Tracker.debug.xcconfig */ = {isa = PBXFileReference; includeInIndex = 1; lastKnownFileType = text.xcconfig; name = "Pods-Tracker.debug.xcconfig"; path = "Target Support Files/Pods-Tracker/Pods-Tracker.debug.xcconfig"; sourceTree = "<group>"; };
		D7C7C50F620CB2ADE1684D27 /* Pods-TrackerTests.release.xcconfig */ = {isa = PBXFileReference; includeInIndex = 1; lastKnownFileType = text.xcconfig; name = "Pods-TrackerTests.release.xcconfig"; path = "Target Support Files/Pods-TrackerTests/Pods-TrackerTests.release.xcconfig"; sourceTree = "<group>"; };
		E54A0164D44F3BFF1E2C0470 /* Pods-Tracker.release.xcconfig */ = {isa = PBXFileReference; includeInIndex = 1; lastKnownFileType = text.xcconfig; name = "Pods-Tracker.release.xcconfig"; path = "Target Support Files/Pods-Tracker/Pods-Tracker.release.xcconfig"; sourceTree = "<group>"; };
		EAEB4B233B0753E34A3FB507 /* Pods_Tracker.framework */ = {isa = PBXFileReference; explicitFileType = wrapper.framework; includeInIndex = 0; path = Pods_Tracker.framework; sourceTree = BUILT_PRODUCTS_DIR; };
/* End PBXFileReference section */

/* Begin PBXFileSystemSynchronizedBuildFileExceptionSet section */
		ACED324C2D8DC4C800B11894 /* Exceptions for "Tracker" folder in "Tracker" target */ = {
			isa = PBXFileSystemSynchronizedBuildFileExceptionSet;
			membershipExceptions = (
				Info.plist,
			);
			target = ACED32392D8DC4C800B11894 /* Tracker */;
		};
/* End PBXFileSystemSynchronizedBuildFileExceptionSet section */

/* Begin PBXFileSystemSynchronizedRootGroup section */
		AC36B6D02DDE49620071C4C5 /* TrackerTests */ = {
			isa = PBXFileSystemSynchronizedRootGroup;
			path = TrackerTests;
			sourceTree = "<group>";
		};
		ACED323C2D8DC4C800B11894 /* Tracker */ = {
			isa = PBXFileSystemSynchronizedRootGroup;
			exceptions = (
				ACED324C2D8DC4C800B11894 /* Exceptions for "Tracker" folder in "Tracker" target */,
			);
			path = Tracker;
			sourceTree = "<group>";
		};
/* End PBXFileSystemSynchronizedRootGroup section */

/* Begin PBXFrameworksBuildPhase section */
		AC36B6CC2DDE49620071C4C5 /* Frameworks */ = {
			isa = PBXFrameworksBuildPhase;
			buildActionMask = 2147483647;
			files = (
				AC36B6DE2DDE49880071C4C5 /* SnapshotTestingCustomDump in Frameworks */,
				AC36B6DA2DDE49880071C4C5 /* InlineSnapshotTesting in Frameworks */,
				AC36B6DC2DDE49880071C4C5 /* SnapshotTesting in Frameworks */,
				961257AE52D5979FFF8A4549 /* Pods_TrackerTests.framework in Frameworks */,
			);
			runOnlyForDeploymentPostprocessing = 0;
		};
		ACED32372D8DC4C800B11894 /* Frameworks */ = {
			isa = PBXFrameworksBuildPhase;
			buildActionMask = 2147483647;
			files = (
				58554A375CA6E0249858E812 /* Pods_Tracker.framework in Frameworks */,
			);
			runOnlyForDeploymentPostprocessing = 0;
		};
/* End PBXFrameworksBuildPhase section */

/* Begin PBXGroup section */
		03179C48E0A797CAE701F01C /* Frameworks */ = {
			isa = PBXGroup;
			children = (
				EAEB4B233B0753E34A3FB507 /* Pods_Tracker.framework */,
				7202171BC1E4E4827A59C2A5 /* Pods_TrackerTests.framework */,
			);
			name = Frameworks;
			sourceTree = "<group>";
		};
		ACED32312D8DC4C800B11894 = {
			isa = PBXGroup;
			children = (
				ACED323C2D8DC4C800B11894 /* Tracker */,
				AC36B6D02DDE49620071C4C5 /* TrackerTests */,
				ACED323B2D8DC4C800B11894 /* Products */,
				D5E7F9BBFAB62482F92261FE /* Pods */,
				03179C48E0A797CAE701F01C /* Frameworks */,
			);
			sourceTree = "<group>";
		};
		ACED323B2D8DC4C800B11894 /* Products */ = {
			isa = PBXGroup;
			children = (
				ACED323A2D8DC4C800B11894 /* Tracker.app */,
				AC36B6CF2DDE49620071C4C5 /* TrackerTests.xctest */,
			);
			name = Products;
			sourceTree = "<group>";
		};
		D5E7F9BBFAB62482F92261FE /* Pods */ = {
			isa = PBXGroup;
			children = (
				B0047599EC28728A40F2728F /* Pods-Tracker.debug.xcconfig */,
				E54A0164D44F3BFF1E2C0470 /* Pods-Tracker.release.xcconfig */,
				9D9E4F09D94D4582A26A6A5A /* Pods-TrackerTests.debug.xcconfig */,
				D7C7C50F620CB2ADE1684D27 /* Pods-TrackerTests.release.xcconfig */,
			);
			path = Pods;
			sourceTree = "<group>";
		};
/* End PBXGroup section */

/* Begin PBXNativeTarget section */
		AC36B6CE2DDE49620071C4C5 /* TrackerTests */ = {
			isa = PBXNativeTarget;
			buildConfigurationList = AC36B6D72DDE49620071C4C5 /* Build configuration list for PBXNativeTarget "TrackerTests" */;
			buildPhases = (
				F98D5BB863EEE07EA78B4FAD /* [CP] Check Pods Manifest.lock */,
				AC36B6CB2DDE49620071C4C5 /* Sources */,
				AC36B6CC2DDE49620071C4C5 /* Frameworks */,
				AC36B6CD2DDE49620071C4C5 /* Resources */,
			);
			buildRules = (
			);
			dependencies = (
				AC36B6D42DDE49620071C4C5 /* PBXTargetDependency */,
			);
			fileSystemSynchronizedGroups = (
				AC36B6D02DDE49620071C4C5 /* TrackerTests */,
			);
			name = TrackerTests;
			packageProductDependencies = (
				AC36B6D92DDE49880071C4C5 /* InlineSnapshotTesting */,
				AC36B6DB2DDE49880071C4C5 /* SnapshotTesting */,
				AC36B6DD2DDE49880071C4C5 /* SnapshotTestingCustomDump */,
			);
			productName = TrackerTests;
			productReference = AC36B6CF2DDE49620071C4C5 /* TrackerTests.xctest */;
			productType = "com.apple.product-type.bundle.unit-test";
		};
		ACED32392D8DC4C800B11894 /* Tracker */ = {
			isa = PBXNativeTarget;
			buildConfigurationList = ACED324D2D8DC4C800B11894 /* Build configuration list for PBXNativeTarget "Tracker" */;
			buildPhases = (
				3188F9625E8336F7EA67CAFF /* [CP] Check Pods Manifest.lock */,
				ACED32362D8DC4C800B11894 /* Sources */,
				ACED32372D8DC4C800B11894 /* Frameworks */,
				ACED32382D8DC4C800B11894 /* Resources */,
				B41A71213628203E3C6924F0 /* [CP] Embed Pods Frameworks */,
			);
			buildRules = (
			);
			dependencies = (
			);
			fileSystemSynchronizedGroups = (
				ACED323C2D8DC4C800B11894 /* Tracker */,
			);
			name = Tracker;
			productName = Tracker;
			productReference = ACED323A2D8DC4C800B11894 /* Tracker.app */;
			productType = "com.apple.product-type.application";
		};
/* End PBXNativeTarget section */

/* Begin PBXProject section */
		ACED32322D8DC4C800B11894 /* Project object */ = {
			isa = PBXProject;
			attributes = {
				BuildIndependentTargetsInParallel = 1;
				LastSwiftUpdateCheck = 1610;
				LastUpgradeCheck = 1610;
				TargetAttributes = {
					AC36B6CE2DDE49620071C4C5 = {
						CreatedOnToolsVersion = 16.1;
						TestTargetID = ACED32392D8DC4C800B11894;
					};
					ACED32392D8DC4C800B11894 = {
						CreatedOnToolsVersion = 16.1;
					};
				};
			};
			buildConfigurationList = ACED32352D8DC4C800B11894 /* Build configuration list for PBXProject "Tracker" */;
			developmentRegion = en;
			hasScannedForEncodings = 0;
			knownRegions = (
				en,
				Base,
				it,
				ru,
				"en-GB",
			);
			mainGroup = ACED32312D8DC4C800B11894;
			minimizedProjectReferenceProxies = 1;
			packageReferences = (
				AC36B6D82DDE49880071C4C5 /* XCRemoteSwiftPackageReference "swift-snapshot-testing" */,
			);
			preferredProjectObjectVersion = 77;
			productRefGroup = ACED323B2D8DC4C800B11894 /* Products */;
			projectDirPath = "";
			projectRoot = "";
			targets = (
				ACED32392D8DC4C800B11894 /* Tracker */,
				AC36B6CE2DDE49620071C4C5 /* TrackerTests */,
			);
		};
/* End PBXProject section */

/* Begin PBXResourcesBuildPhase section */
		AC36B6CD2DDE49620071C4C5 /* Resources */ = {
			isa = PBXResourcesBuildPhase;
			buildActionMask = 2147483647;
			files = (
			);
			runOnlyForDeploymentPostprocessing = 0;
		};
		ACED32382D8DC4C800B11894 /* Resources */ = {
			isa = PBXResourcesBuildPhase;
			buildActionMask = 2147483647;
			files = (
			);
			runOnlyForDeploymentPostprocessing = 0;
		};
/* End PBXResourcesBuildPhase section */

/* Begin PBXShellScriptBuildPhase section */
		3188F9625E8336F7EA67CAFF /* [CP] Check Pods Manifest.lock */ = {
			isa = PBXShellScriptBuildPhase;
			buildActionMask = 2147483647;
			files = (
			);
			inputFileListPaths = (
			);
			inputPaths = (
				"${PODS_PODFILE_DIR_PATH}/Podfile.lock",
				"${PODS_ROOT}/Manifest.lock",
			);
			name = "[CP] Check Pods Manifest.lock";
			outputFileListPaths = (
			);
			outputPaths = (
				"$(DERIVED_FILE_DIR)/Pods-Tracker-checkManifestLockResult.txt",
			);
			runOnlyForDeploymentPostprocessing = 0;
			shellPath = /bin/sh;
			shellScript = "diff \"${PODS_PODFILE_DIR_PATH}/Podfile.lock\" \"${PODS_ROOT}/Manifest.lock\" > /dev/null\nif [ $? != 0 ] ; then\n    # print error to STDERR\n    echo \"error: The sandbox is not in sync with the Podfile.lock. Run 'pod install' or update your CocoaPods installation.\" >&2\n    exit 1\nfi\n# This output is used by Xcode 'outputs' to avoid re-running this script phase.\necho \"SUCCESS\" > \"${SCRIPT_OUTPUT_FILE_0}\"\n";
			showEnvVarsInLog = 0;
		};
		B41A71213628203E3C6924F0 /* [CP] Embed Pods Frameworks */ = {
			isa = PBXShellScriptBuildPhase;
			buildActionMask = 2147483647;
			files = (
			);
			inputFileListPaths = (
				"${PODS_ROOT}/Target Support Files/Pods-Tracker/Pods-Tracker-frameworks-${CONFIGURATION}-input-files.xcfilelist",
			);
			name = "[CP] Embed Pods Frameworks";
			outputFileListPaths = (
				"${PODS_ROOT}/Target Support Files/Pods-Tracker/Pods-Tracker-frameworks-${CONFIGURATION}-output-files.xcfilelist",
			);
			runOnlyForDeploymentPostprocessing = 0;
			shellPath = /bin/sh;
			shellScript = "\"${PODS_ROOT}/Target Support Files/Pods-Tracker/Pods-Tracker-frameworks.sh\"\n";
			showEnvVarsInLog = 0;
		};
		F98D5BB863EEE07EA78B4FAD /* [CP] Check Pods Manifest.lock */ = {
			isa = PBXShellScriptBuildPhase;
			buildActionMask = 2147483647;
			files = (
			);
			inputFileListPaths = (
			);
			inputPaths = (
				"${PODS_PODFILE_DIR_PATH}/Podfile.lock",
				"${PODS_ROOT}/Manifest.lock",
			);
			name = "[CP] Check Pods Manifest.lock";
			outputFileListPaths = (
			);
			outputPaths = (
				"$(DERIVED_FILE_DIR)/Pods-TrackerTests-checkManifestLockResult.txt",
			);
			runOnlyForDeploymentPostprocessing = 0;
			shellPath = /bin/sh;
			shellScript = "diff \"${PODS_PODFILE_DIR_PATH}/Podfile.lock\" \"${PODS_ROOT}/Manifest.lock\" > /dev/null\nif [ $? != 0 ] ; then\n    # print error to STDERR\n    echo \"error: The sandbox is not in sync with the Podfile.lock. Run 'pod install' or update your CocoaPods installation.\" >&2\n    exit 1\nfi\n# This output is used by Xcode 'outputs' to avoid re-running this script phase.\necho \"SUCCESS\" > \"${SCRIPT_OUTPUT_FILE_0}\"\n";
			showEnvVarsInLog = 0;
		};
/* End PBXShellScriptBuildPhase section */

/* Begin PBXSourcesBuildPhase section */
		AC36B6CB2DDE49620071C4C5 /* Sources */ = {
			isa = PBXSourcesBuildPhase;
			buildActionMask = 2147483647;
			files = (
			);
			runOnlyForDeploymentPostprocessing = 0;
		};
		ACED32362D8DC4C800B11894 /* Sources */ = {
			isa = PBXSourcesBuildPhase;
			buildActionMask = 2147483647;
			files = (
			);
			runOnlyForDeploymentPostprocessing = 0;
		};
/* End PBXSourcesBuildPhase section */

/* Begin PBXTargetDependency section */
		AC36B6D42DDE49620071C4C5 /* PBXTargetDependency */ = {
			isa = PBXTargetDependency;
			target = ACED32392D8DC4C800B11894 /* Tracker */;
			targetProxy = AC36B6D32DDE49620071C4C5 /* PBXContainerItemProxy */;
		};
/* End PBXTargetDependency section */

/* Begin XCBuildConfiguration section */
		AC36B6D52DDE49620071C4C5 /* Debug */ = {
			isa = XCBuildConfiguration;
			baseConfigurationReference = 9D9E4F09D94D4582A26A6A5A /* Pods-TrackerTests.debug.xcconfig */;
			buildSettings = {
				BUNDLE_LOADER = "$(TEST_HOST)";
				CODE_SIGN_STYLE = Automatic;
				CURRENT_PROJECT_VERSION = 1;
				DEVELOPMENT_TEAM = K4FH3FUD2P;
				GENERATE_INFOPLIST_FILE = YES;
				IPHONEOS_DEPLOYMENT_TARGET = 18.1;
				MACOSX_DEPLOYMENT_TARGET = 15.1;
				MARKETING_VERSION = 1.0;
				PRODUCT_BUNDLE_IDENTIFIER = ru.artemsweb.TrackerTests;
				PRODUCT_NAME = "$(TARGET_NAME)";
				SDKROOT = auto;
				SUPPORTED_PLATFORMS = "iphoneos iphonesimulator macosx xros xrsimulator";
				SWIFT_EMIT_LOC_STRINGS = NO;
				SWIFT_VERSION = 5.0;
				TARGETED_DEVICE_FAMILY = "1,2,7";
				TEST_HOST = "$(BUILT_PRODUCTS_DIR)/Tracker.app/$(BUNDLE_EXECUTABLE_FOLDER_PATH)/Tracker";
				XROS_DEPLOYMENT_TARGET = 2.1;
			};
			name = Debug;
		};
		AC36B6D62DDE49620071C4C5 /* Release */ = {
			isa = XCBuildConfiguration;
			baseConfigurationReference = D7C7C50F620CB2ADE1684D27 /* Pods-TrackerTests.release.xcconfig */;
			buildSettings = {
				BUNDLE_LOADER = "$(TEST_HOST)";
				CODE_SIGN_STYLE = Automatic;
				CURRENT_PROJECT_VERSION = 1;
				DEVELOPMENT_TEAM = K4FH3FUD2P;
				GENERATE_INFOPLIST_FILE = YES;
				IPHONEOS_DEPLOYMENT_TARGET = 18.1;
				MACOSX_DEPLOYMENT_TARGET = 15.1;
				MARKETING_VERSION = 1.0;
				PRODUCT_BUNDLE_IDENTIFIER = ru.artemsweb.TrackerTests;
				PRODUCT_NAME = "$(TARGET_NAME)";
				SDKROOT = auto;
				SUPPORTED_PLATFORMS = "iphoneos iphonesimulator macosx xros xrsimulator";
				SWIFT_EMIT_LOC_STRINGS = NO;
				SWIFT_VERSION = 5.0;
				TARGETED_DEVICE_FAMILY = "1,2,7";
				TEST_HOST = "$(BUILT_PRODUCTS_DIR)/Tracker.app/$(BUNDLE_EXECUTABLE_FOLDER_PATH)/Tracker";
				XROS_DEPLOYMENT_TARGET = 2.1;
			};
			name = Release;
		};
		ACED324E2D8DC4C800B11894 /* Debug */ = {
			isa = XCBuildConfiguration;
			baseConfigurationReference = B0047599EC28728A40F2728F /* Pods-Tracker.debug.xcconfig */;
			buildSettings = {
				ASSETCATALOG_COMPILER_APPICON_NAME = AppIcon;
				ASSETCATALOG_COMPILER_GLOBAL_ACCENT_COLOR_NAME = AccentColor;
				CODE_SIGN_STYLE = Automatic;
				CURRENT_PROJECT_VERSION = 1;
				DEVELOPMENT_TEAM = K4FH3FUD2P;
				ENABLE_USER_SCRIPT_SANDBOXING = NO;
				GENERATE_INFOPLIST_FILE = YES;
				INFOPLIST_FILE = Tracker/Info.plist;
				INFOPLIST_KEY_UIApplicationSupportsIndirectInputEvents = YES;
				INFOPLIST_KEY_UILaunchStoryboardName = LaunchScreen;
				INFOPLIST_KEY_UISupportedInterfaceOrientations = UIInterfaceOrientationPortrait;
				INFOPLIST_KEY_UISupportedInterfaceOrientations_iPad = "UIInterfaceOrientationLandscapeLeft UIInterfaceOrientationLandscapeRight UIInterfaceOrientationPortrait UIInterfaceOrientationPortraitUpsideDown";
				IPHONEOS_DEPLOYMENT_TARGET = 13.4;
				LD_RUNPATH_SEARCH_PATHS = (
					"$(inherited)",
					"@executable_path/Frameworks",
				);
				MARKETING_VERSION = 1.0;
				PRODUCT_BUNDLE_IDENTIFIER = ru.artemsweb.Tracker;
				PRODUCT_NAME = "$(TARGET_NAME)";
				SUPPORTED_PLATFORMS = "iphoneos iphonesimulator";
				SUPPORTS_MACCATALYST = NO;
				SUPPORTS_MAC_DESIGNED_FOR_IPHONE_IPAD = NO;
				SUPPORTS_XR_DESIGNED_FOR_IPHONE_IPAD = NO;
				SWIFT_EMIT_LOC_STRINGS = YES;
				SWIFT_VERSION = 5.0;
				TARGETED_DEVICE_FAMILY = 1;
			};
			name = Debug;
		};
		ACED324F2D8DC4C800B11894 /* Release */ = {
			isa = XCBuildConfiguration;
			baseConfigurationReference = E54A0164D44F3BFF1E2C0470 /* Pods-Tracker.release.xcconfig */;
			buildSettings = {
				ASSETCATALOG_COMPILER_APPICON_NAME = AppIcon;
				ASSETCATALOG_COMPILER_GLOBAL_ACCENT_COLOR_NAME = AccentColor;
				CODE_SIGN_STYLE = Automatic;
				CURRENT_PROJECT_VERSION = 1;
				DEVELOPMENT_TEAM = K4FH3FUD2P;
				ENABLE_USER_SCRIPT_SANDBOXING = NO;
				GENERATE_INFOPLIST_FILE = YES;
				INFOPLIST_FILE = Tracker/Info.plist;
				INFOPLIST_KEY_UIApplicationSupportsIndirectInputEvents = YES;
				INFOPLIST_KEY_UILaunchStoryboardName = LaunchScreen;
				INFOPLIST_KEY_UISupportedInterfaceOrientations = UIInterfaceOrientationPortrait;
				INFOPLIST_KEY_UISupportedInterfaceOrientations_iPad = "UIInterfaceOrientationLandscapeLeft UIInterfaceOrientationLandscapeRight UIInterfaceOrientationPortrait UIInterfaceOrientationPortraitUpsideDown";
				IPHONEOS_DEPLOYMENT_TARGET = 13.4;
				LD_RUNPATH_SEARCH_PATHS = (
					"$(inherited)",
					"@executable_path/Frameworks",
				);
				MARKETING_VERSION = 1.0;
				PRODUCT_BUNDLE_IDENTIFIER = ru.artemsweb.Tracker;
				PRODUCT_NAME = "$(TARGET_NAME)";
				SUPPORTED_PLATFORMS = "iphoneos iphonesimulator";
				SUPPORTS_MACCATALYST = NO;
				SUPPORTS_MAC_DESIGNED_FOR_IPHONE_IPAD = NO;
				SUPPORTS_XR_DESIGNED_FOR_IPHONE_IPAD = NO;
				SWIFT_EMIT_LOC_STRINGS = YES;
				SWIFT_VERSION = 5.0;
				TARGETED_DEVICE_FAMILY = 1;
			};
			name = Release;
		};
		ACED32502D8DC4C800B11894 /* Debug */ = {
			isa = XCBuildConfiguration;
			buildSettings = {
				ALWAYS_SEARCH_USER_PATHS = NO;
				ASSETCATALOG_COMPILER_GENERATE_SWIFT_ASSET_SYMBOL_EXTENSIONS = YES;
				CLANG_ANALYZER_LOCALIZABILITY_NONLOCALIZED = YES;
				CLANG_ANALYZER_NONNULL = YES;
				CLANG_ANALYZER_NUMBER_OBJECT_CONVERSION = YES_AGGRESSIVE;
				CLANG_CXX_LANGUAGE_STANDARD = "gnu++20";
				CLANG_ENABLE_MODULES = YES;
				CLANG_ENABLE_OBJC_ARC = YES;
				CLANG_ENABLE_OBJC_WEAK = YES;
				CLANG_WARN_BLOCK_CAPTURE_AUTORELEASING = YES;
				CLANG_WARN_BOOL_CONVERSION = YES;
				CLANG_WARN_COMMA = YES;
				CLANG_WARN_CONSTANT_CONVERSION = YES;
				CLANG_WARN_DEPRECATED_OBJC_IMPLEMENTATIONS = YES;
				CLANG_WARN_DIRECT_OBJC_ISA_USAGE = YES_ERROR;
				CLANG_WARN_DOCUMENTATION_COMMENTS = YES;
				CLANG_WARN_EMPTY_BODY = YES;
				CLANG_WARN_ENUM_CONVERSION = YES;
				CLANG_WARN_INFINITE_RECURSION = YES;
				CLANG_WARN_INT_CONVERSION = YES;
				CLANG_WARN_NON_LITERAL_NULL_CONVERSION = YES;
				CLANG_WARN_OBJC_IMPLICIT_RETAIN_SELF = YES;
				CLANG_WARN_OBJC_LITERAL_CONVERSION = YES;
				CLANG_WARN_OBJC_ROOT_CLASS = YES_ERROR;
				CLANG_WARN_QUOTED_INCLUDE_IN_FRAMEWORK_HEADER = YES;
				CLANG_WARN_RANGE_LOOP_ANALYSIS = YES;
				CLANG_WARN_STRICT_PROTOTYPES = YES;
				CLANG_WARN_SUSPICIOUS_MOVE = YES;
				CLANG_WARN_UNGUARDED_AVAILABILITY = YES_AGGRESSIVE;
				CLANG_WARN_UNREACHABLE_CODE = YES;
				CLANG_WARN__DUPLICATE_METHOD_MATCH = YES;
				COPY_PHASE_STRIP = NO;
				DEBUG_INFORMATION_FORMAT = dwarf;
				ENABLE_STRICT_OBJC_MSGSEND = YES;
				ENABLE_TESTABILITY = YES;
				ENABLE_USER_SCRIPT_SANDBOXING = YES;
				GCC_C_LANGUAGE_STANDARD = gnu17;
				GCC_DYNAMIC_NO_PIC = NO;
				GCC_NO_COMMON_BLOCKS = YES;
				GCC_OPTIMIZATION_LEVEL = 0;
				GCC_PREPROCESSOR_DEFINITIONS = (
					"DEBUG=1",
					"$(inherited)",
				);
				GCC_WARN_64_TO_32_BIT_CONVERSION = YES;
				GCC_WARN_ABOUT_RETURN_TYPE = YES_ERROR;
				GCC_WARN_UNDECLARED_SELECTOR = YES;
				GCC_WARN_UNINITIALIZED_AUTOS = YES_AGGRESSIVE;
				GCC_WARN_UNUSED_FUNCTION = YES;
				GCC_WARN_UNUSED_VARIABLE = YES;
				IPHONEOS_DEPLOYMENT_TARGET = 18.1;
				LOCALIZATION_PREFERS_STRING_CATALOGS = YES;
				MTL_ENABLE_DEBUG_INFO = INCLUDE_SOURCE;
				MTL_FAST_MATH = YES;
				ONLY_ACTIVE_ARCH = YES;
				SDKROOT = iphoneos;
				SWIFT_ACTIVE_COMPILATION_CONDITIONS = "DEBUG $(inherited)";
				SWIFT_OPTIMIZATION_LEVEL = "-Onone";
			};
			name = Debug;
		};
		ACED32512D8DC4C800B11894 /* Release */ = {
			isa = XCBuildConfiguration;
			buildSettings = {
				ALWAYS_SEARCH_USER_PATHS = NO;
				ASSETCATALOG_COMPILER_GENERATE_SWIFT_ASSET_SYMBOL_EXTENSIONS = YES;
				CLANG_ANALYZER_LOCALIZABILITY_NONLOCALIZED = YES;
				CLANG_ANALYZER_NONNULL = YES;
				CLANG_ANALYZER_NUMBER_OBJECT_CONVERSION = YES_AGGRESSIVE;
				CLANG_CXX_LANGUAGE_STANDARD = "gnu++20";
				CLANG_ENABLE_MODULES = YES;
				CLANG_ENABLE_OBJC_ARC = YES;
				CLANG_ENABLE_OBJC_WEAK = YES;
				CLANG_WARN_BLOCK_CAPTURE_AUTORELEASING = YES;
				CLANG_WARN_BOOL_CONVERSION = YES;
				CLANG_WARN_COMMA = YES;
				CLANG_WARN_CONSTANT_CONVERSION = YES;
				CLANG_WARN_DEPRECATED_OBJC_IMPLEMENTATIONS = YES;
				CLANG_WARN_DIRECT_OBJC_ISA_USAGE = YES_ERROR;
				CLANG_WARN_DOCUMENTATION_COMMENTS = YES;
				CLANG_WARN_EMPTY_BODY = YES;
				CLANG_WARN_ENUM_CONVERSION = YES;
				CLANG_WARN_INFINITE_RECURSION = YES;
				CLANG_WARN_INT_CONVERSION = YES;
				CLANG_WARN_NON_LITERAL_NULL_CONVERSION = YES;
				CLANG_WARN_OBJC_IMPLICIT_RETAIN_SELF = YES;
				CLANG_WARN_OBJC_LITERAL_CONVERSION = YES;
				CLANG_WARN_OBJC_ROOT_CLASS = YES_ERROR;
				CLANG_WARN_QUOTED_INCLUDE_IN_FRAMEWORK_HEADER = YES;
				CLANG_WARN_RANGE_LOOP_ANALYSIS = YES;
				CLANG_WARN_STRICT_PROTOTYPES = YES;
				CLANG_WARN_SUSPICIOUS_MOVE = YES;
				CLANG_WARN_UNGUARDED_AVAILABILITY = YES_AGGRESSIVE;
				CLANG_WARN_UNREACHABLE_CODE = YES;
				CLANG_WARN__DUPLICATE_METHOD_MATCH = YES;
				COPY_PHASE_STRIP = NO;
				DEBUG_INFORMATION_FORMAT = "dwarf-with-dsym";
				ENABLE_NS_ASSERTIONS = NO;
				ENABLE_STRICT_OBJC_MSGSEND = YES;
				ENABLE_USER_SCRIPT_SANDBOXING = YES;
				GCC_C_LANGUAGE_STANDARD = gnu17;
				GCC_NO_COMMON_BLOCKS = YES;
				GCC_WARN_64_TO_32_BIT_CONVERSION = YES;
				GCC_WARN_ABOUT_RETURN_TYPE = YES_ERROR;
				GCC_WARN_UNDECLARED_SELECTOR = YES;
				GCC_WARN_UNINITIALIZED_AUTOS = YES_AGGRESSIVE;
				GCC_WARN_UNUSED_FUNCTION = YES;
				GCC_WARN_UNUSED_VARIABLE = YES;
				IPHONEOS_DEPLOYMENT_TARGET = 18.1;
				LOCALIZATION_PREFERS_STRING_CATALOGS = YES;
				MTL_ENABLE_DEBUG_INFO = NO;
				MTL_FAST_MATH = YES;
				SDKROOT = iphoneos;
				SWIFT_COMPILATION_MODE = wholemodule;
				VALIDATE_PRODUCT = YES;
			};
			name = Release;
		};
/* End XCBuildConfiguration section */

/* Begin XCConfigurationList section */
		AC36B6D72DDE49620071C4C5 /* Build configuration list for PBXNativeTarget "TrackerTests" */ = {
			isa = XCConfigurationList;
			buildConfigurations = (
				AC36B6D52DDE49620071C4C5 /* Debug */,
				AC36B6D62DDE49620071C4C5 /* Release */,
			);
			defaultConfigurationIsVisible = 0;
			defaultConfigurationName = Release;
		};
		ACED32352D8DC4C800B11894 /* Build configuration list for PBXProject "Tracker" */ = {
			isa = XCConfigurationList;
			buildConfigurations = (
				ACED32502D8DC4C800B11894 /* Debug */,
				ACED32512D8DC4C800B11894 /* Release */,
			);
			defaultConfigurationIsVisible = 0;
			defaultConfigurationName = Release;
		};
		ACED324D2D8DC4C800B11894 /* Build configuration list for PBXNativeTarget "Tracker" */ = {
			isa = XCConfigurationList;
			buildConfigurations = (
				ACED324E2D8DC4C800B11894 /* Debug */,
				ACED324F2D8DC4C800B11894 /* Release */,
			);
			defaultConfigurationIsVisible = 0;
			defaultConfigurationName = Release;
		};
/* End XCConfigurationList section */

/* Begin XCRemoteSwiftPackageReference section */
		AC36B6D82DDE49880071C4C5 /* XCRemoteSwiftPackageReference "swift-snapshot-testing" */ = {
			isa = XCRemoteSwiftPackageReference;
			repositoryURL = "https://github.com/pointfreeco/swift-snapshot-testing";
			requirement = {
				kind = upToNextMajorVersion;
				minimumVersion = 1.18.3;
			};
		};
/* End XCRemoteSwiftPackageReference section */

/* Begin XCSwiftPackageProductDependency section */
		AC36B6D92DDE49880071C4C5 /* InlineSnapshotTesting */ = {
			isa = XCSwiftPackageProductDependency;
			package = AC36B6D82DDE49880071C4C5 /* XCRemoteSwiftPackageReference "swift-snapshot-testing" */;
			productName = InlineSnapshotTesting;
		};
		AC36B6DB2DDE49880071C4C5 /* SnapshotTesting */ = {
			isa = XCSwiftPackageProductDependency;
			package = AC36B6D82DDE49880071C4C5 /* XCRemoteSwiftPackageReference "swift-snapshot-testing" */;
			productName = SnapshotTesting;
		};
		AC36B6DD2DDE49880071C4C5 /* SnapshotTestingCustomDump */ = {
			isa = XCSwiftPackageProductDependency;
			package = AC36B6D82DDE49880071C4C5 /* XCRemoteSwiftPackageReference "swift-snapshot-testing" */;
			productName = SnapshotTestingCustomDump;
		};
/* End XCSwiftPackageProductDependency section */
	};
	rootObject = ACED32322D8DC4C800B11894 /* Project object */;
}
